# This file is automatically @generated by Cargo.
# It is not intended for manual editing.
version = 3

[[package]]
name = "wasi-preview1-component-adapter-provider"
version = "23.0.1"
source = "registry+https://github.com/rust-lang/crates.io-index"
checksum = "dba2aacb2ea1d483b13ae73bcdda9069dbf7424b20f72e0ad02d6988e4ec0bbb"

[[package]]
name = "wasmcloud-component-adapters"
version = "0.12.0"
dependencies = [
 "wasi-preview1-component-adapter-provider",
]
